// !$*UTF8*$!
{
	archiveVersion = 1;
	classes = {
	};
	objectVersion = 50;
	objects = {

/* Begin PBXBuildFile section */
		5F2C29FD238CFDA500AF681E /* AppDelegate.swift in Sources */ = {isa = PBXBuildFile; fileRef = 5F2C29FC238CFDA500AF681E /* AppDelegate.swift */; };
		5F2C29FF238CFDA500AF681E /* ViewController.swift in Sources */ = {isa = PBXBuildFile; fileRef = 5F2C29FE238CFDA500AF681E /* ViewController.swift */; };
		5F2C2A02238CFDA500AF681E /* Main.storyboard in Resources */ = {isa = PBXBuildFile; fileRef = 5F2C2A00238CFDA500AF681E /* Main.storyboard */; };
		5F2C2A04238CFDAA00AF681E /* Assets.xcassets in Resources */ = {isa = PBXBuildFile; fileRef = 5F2C2A03238CFDAA00AF681E /* Assets.xcassets */; };
		5F2C2A07238CFDAA00AF681E /* LaunchScreen.storyboard in Resources */ = {isa = PBXBuildFile; fileRef = 5F2C2A05238CFDAA00AF681E /* LaunchScreen.storyboard */; };
		5F2C2A12238CFDAA00AF681E /* CalculatorTests.swift in Sources */ = {isa = PBXBuildFile; fileRef = 5F2C2A11238CFDAA00AF681E /* CalculatorTests.swift */; };
		5F2C2A1D238CFDAA00AF681E /* CalculatorUITests.swift in Sources */ = {isa = PBXBuildFile; fileRef = 5F2C2A1C238CFDAA00AF681E /* CalculatorUITests.swift */; };
/* End PBXBuildFile section */

/* Begin PBXContainerItemProxy section */
		5F2C2A0E238CFDAA00AF681E /* PBXContainerItemProxy */ = {
			isa = PBXContainerItemProxy;
			containerPortal = 5F2C29F1238CFDA500AF681E /* Project object */;
			proxyType = 1;
			remoteGlobalIDString = 5F2C29F8238CFDA500AF681E;
			remoteInfo = Calculator;
		};
		5F2C2A19238CFDAA00AF681E /* PBXContainerItemProxy */ = {
			isa = PBXContainerItemProxy;
			containerPortal = 5F2C29F1238CFDA500AF681E /* Project object */;
			proxyType = 1;
			remoteGlobalIDString = 5F2C29F8238CFDA500AF681E;
			remoteInfo = Calculator;
		};
/* End PBXContainerItemProxy section */

/* Begin PBXFileReference section */
		5F2C29F9238CFDA500AF681E /* Calculator.app */ = {isa = PBXFileReference; explicitFileType = wrapper.application; includeInIndex = 0; path = Calculator.app; sourceTree = BUILT_PRODUCTS_DIR; };
		5F2C29FC238CFDA500AF681E /* AppDelegate.swift */ = {isa = PBXFileReference; lastKnownFileType = sourcecode.swift; path = AppDelegate.swift; sourceTree = "<group>"; };
		5F2C29FE238CFDA500AF681E /* ViewController.swift */ = {isa = PBXFileReference; lastKnownFileType = sourcecode.swift; path = ViewController.swift; sourceTree = "<group>"; };
		5F2C2A01238CFDA500AF681E /* Base */ = {isa = PBXFileReference; lastKnownFileType = file.storyboard; name = Base; path = Base.lproj/Main.storyboard; sourceTree = "<group>"; };
		5F2C2A03238CFDAA00AF681E /* Assets.xcassets */ = {isa = PBXFileReference; lastKnownFileType = folder.assetcatalog; path = Assets.xcassets; sourceTree = "<group>"; };
		5F2C2A06238CFDAA00AF681E /* Base */ = {isa = PBXFileReference; lastKnownFileType = file.storyboard; name = Base; path = Base.lproj/LaunchScreen.storyboard; sourceTree = "<group>"; };
		5F2C2A08238CFDAA00AF681E /* Info.plist */ = {isa = PBXFileReference; lastKnownFileType = text.plist.xml; path = Info.plist; sourceTree = "<group>"; };
		5F2C2A0D238CFDAA00AF681E /* CalculatorTests.xctest */ = {isa = PBXFileReference; explicitFileType = wrapper.cfbundle; includeInIndex = 0; path = CalculatorTests.xctest; sourceTree = BUILT_PRODUCTS_DIR; };
		5F2C2A11238CFDAA00AF681E /* CalculatorTests.swift */ = {isa = PBXFileReference; lastKnownFileType = sourcecode.swift; path = CalculatorTests.swift; sourceTree = "<group>"; };
		5F2C2A13238CFDAA00AF681E /* Info.plist */ = {isa = PBXFileReference; lastKnownFileType = text.plist.xml; path = Info.plist; sourceTree = "<group>"; };
		5F2C2A18238CFDAA00AF681E /* CalculatorUITests.xctest */ = {isa = PBXFileReference; explicitFileType = wrapper.cfbundle; includeInIndex = 0; path = CalculatorUITests.xctest; sourceTree = BUILT_PRODUCTS_DIR; };
		5F2C2A1C238CFDAA00AF681E /* CalculatorUITests.swift */ = {isa = PBXFileReference; lastKnownFileType = sourcecode.swift; path = CalculatorUITests.swift; sourceTree = "<group>"; };
		5F2C2A1E238CFDAA00AF681E /* Info.plist */ = {isa = PBXFileReference; lastKnownFileType = text.plist.xml; path = Info.plist; sourceTree = "<group>"; };
/* End PBXFileReference section */

/* Begin PBXFrameworksBuildPhase section */
		5F2C29F6238CFDA500AF681E /* Frameworks */ = {
			isa = PBXFrameworksBuildPhase;
			buildActionMask = 2147483647;
			files = (
			);
			runOnlyForDeploymentPostprocessing = 0;
		};
		5F2C2A0A238CFDAA00AF681E /* Frameworks */ = {
			isa = PBXFrameworksBuildPhase;
			buildActionMask = 2147483647;
			files = (
			);
			runOnlyForDeploymentPostprocessing = 0;
		};
		5F2C2A15238CFDAA00AF681E /* Frameworks */ = {
			isa = PBXFrameworksBuildPhase;
			buildActionMask = 2147483647;
			files = (
			);
			runOnlyForDeploymentPostprocessing = 0;
		};
/* End PBXFrameworksBuildPhase section */

/* Begin PBXGroup section */
		5F2C29F0238CFDA500AF681E = {
			isa = PBXGroup;
			children = (
				5F2C29FB238CFDA500AF681E /* Calculator */,
				5F2C2A10238CFDAA00AF681E /* CalculatorTests */,
				5F2C2A1B238CFDAA00AF681E /* CalculatorUITests */,
				5F2C29FA238CFDA500AF681E /* Products */,
			);
			sourceTree = "<group>";
		};
		5F2C29FA238CFDA500AF681E /* Products */ = {
			isa = PBXGroup;
			children = (
				5F2C29F9238CFDA500AF681E /* Calculator.app */,
				5F2C2A0D238CFDAA00AF681E /* CalculatorTests.xctest */,
				5F2C2A18238CFDAA00AF681E /* CalculatorUITests.xctest */,
			);
			name = Products;
			sourceTree = "<group>";
		};
		5F2C29FB238CFDA500AF681E /* Calculator */ = {
			isa = PBXGroup;
			children = (
				5F2C29FC238CFDA500AF681E /* AppDelegate.swift */,
				5F2C29FE238CFDA500AF681E /* ViewController.swift */,
				5F2C2A00238CFDA500AF681E /* Main.storyboard */,
				5F2C2A03238CFDAA00AF681E /* Assets.xcassets */,
				5F2C2A05238CFDAA00AF681E /* LaunchScreen.storyboard */,
				5F2C2A08238CFDAA00AF681E /* Info.plist */,
			);
			path = Calculator;
			sourceTree = "<group>";
		};
		5F2C2A10238CFDAA00AF681E /* CalculatorTests */ = {
			isa = PBXGroup;
			children = (
				5F2C2A11238CFDAA00AF681E /* CalculatorTests.swift */,
				5F2C2A13238CFDAA00AF681E /* Info.plist */,
			);
			path = CalculatorTests;
			sourceTree = "<group>";
		};
		5F2C2A1B238CFDAA00AF681E /* CalculatorUITests */ = {
			isa = PBXGroup;
			children = (
				5F2C2A1C238CFDAA00AF681E /* CalculatorUITests.swift */,
				5F2C2A1E238CFDAA00AF681E /* Info.plist */,
			);
			path = CalculatorUITests;
			sourceTree = "<group>";
		};
/* End PBXGroup section */

/* Begin PBXNativeTarget section */
		5F2C29F8238CFDA500AF681E /* Calculator */ = {
			isa = PBXNativeTarget;
			buildConfigurationList = 5F2C2A21238CFDAA00AF681E /* Build configuration list for PBXNativeTarget "Calculator" */;
			buildPhases = (
				5F2C29F5238CFDA500AF681E /* Sources */,
				5F2C29F6238CFDA500AF681E /* Frameworks */,
				5F2C29F7238CFDA500AF681E /* Resources */,
			);
			buildRules = (
			);
			dependencies = (
			);
			name = Calculator;
			productName = Calculator;
			productReference = 5F2C29F9238CFDA500AF681E /* Calculator.app */;
			productType = "com.apple.product-type.application";
		};
		5F2C2A0C238CFDAA00AF681E /* CalculatorTests */ = {
			isa = PBXNativeTarget;
			buildConfigurationList = 5F2C2A24238CFDAA00AF681E /* Build configuration list for PBXNativeTarget "CalculatorTests" */;
			buildPhases = (
				5F2C2A09238CFDAA00AF681E /* Sources */,
				5F2C2A0A238CFDAA00AF681E /* Frameworks */,
				5F2C2A0B238CFDAA00AF681E /* Resources */,
			);
			buildRules = (
			);
			dependencies = (
				5F2C2A0F238CFDAA00AF681E /* PBXTargetDependency */,
			);
			name = CalculatorTests;
			productName = CalculatorTests;
			productReference = 5F2C2A0D238CFDAA00AF681E /* CalculatorTests.xctest */;
			productType = "com.apple.product-type.bundle.unit-test";
		};
		5F2C2A17238CFDAA00AF681E /* CalculatorUITests */ = {
			isa = PBXNativeTarget;
			buildConfigurationList = 5F2C2A27238CFDAA00AF681E /* Build configuration list for PBXNativeTarget "CalculatorUITests" */;
			buildPhases = (
				5F2C2A14238CFDAA00AF681E /* Sources */,
				5F2C2A15238CFDAA00AF681E /* Frameworks */,
				5F2C2A16238CFDAA00AF681E /* Resources */,
			);
			buildRules = (
			);
			dependencies = (
				5F2C2A1A238CFDAA00AF681E /* PBXTargetDependency */,
			);
			name = CalculatorUITests;
			productName = CalculatorUITests;
			productReference = 5F2C2A18238CFDAA00AF681E /* CalculatorUITests.xctest */;
			productType = "com.apple.product-type.bundle.ui-testing";
		};
/* End PBXNativeTarget section */

/* Begin PBXProject section */
		5F2C29F1238CFDA500AF681E /* Project object */ = {
			isa = PBXProject;
			attributes = {
				LastSwiftUpdateCheck = 1010;
				LastUpgradeCheck = 1010;
				ORGANIZATIONNAME = "M Sravya";
				TargetAttributes = {
					5F2C29F8238CFDA500AF681E = {
						CreatedOnToolsVersion = 10.1;
					};
					5F2C2A0C238CFDAA00AF681E = {
						CreatedOnToolsVersion = 10.1;
						TestTargetID = 5F2C29F8238CFDA500AF681E;
					};
					5F2C2A17238CFDAA00AF681E = {
						CreatedOnToolsVersion = 10.1;
						TestTargetID = 5F2C29F8238CFDA500AF681E;
					};
				};
			};
			buildConfigurationList = 5F2C29F4238CFDA500AF681E /* Build configuration list for PBXProject "Calculator" */;
			compatibilityVersion = "Xcode 9.3";
			developmentRegion = en;
			hasScannedForEncodings = 0;
			knownRegions = (
				en,
				Base,
			);
			mainGroup = 5F2C29F0238CFDA500AF681E;
			productRefGroup = 5F2C29FA238CFDA500AF681E /* Products */;
			projectDirPath = "";
			projectRoot = "";
			targets = (
				5F2C29F8238CFDA500AF681E /* Calculator */,
				5F2C2A0C238CFDAA00AF681E /* CalculatorTests */,
				5F2C2A17238CFDAA00AF681E /* CalculatorUITests */,
			);
		};
/* End PBXProject section */

/* Begin PBXResourcesBuildPhase section */
		5F2C29F7238CFDA500AF681E /* Resources */ = {
			isa = PBXResourcesBuildPhase;
			buildActionMask = 2147483647;
			files = (
				5F2C2A07238CFDAA00AF681E /* LaunchScreen.storyboard in Resources */,
				5F2C2A04238CFDAA00AF681E /* Assets.xcassets in Resources */,
				5F2C2A02238CFDA500AF681E /* Main.storyboard in Resources */,
			);
			runOnlyForDeploymentPostprocessing = 0;
		};
		5F2C2A0B238CFDAA00AF681E /* Resources */ = {
			isa = PBXResourcesBuildPhase;
			buildActionMask = 2147483647;
			files = (
			);
			runOnlyForDeploymentPostprocessing = 0;
		};
		5F2C2A16238CFDAA00AF681E /* Resources */ = {
			isa = PBXResourcesBuildPhase;
			buildActionMask = 2147483647;
			files = (
			);
			runOnlyForDeploymentPostprocessing = 0;
		};
/* End PBXResourcesBuildPhase section */

/* Begin PBXSourcesBuildPhase section */
		5F2C29F5238CFDA500AF681E /* Sources */ = {
			isa = PBXSourcesBuildPhase;
			buildActionMask = 2147483647;
			files = (
				5F2C29FF238CFDA500AF681E /* ViewController.swift in Sources */,
				5F2C29FD238CFDA500AF681E /* AppDelegate.swift in Sources */,
			);
			runOnlyForDeploymentPostprocessing = 0;
		};
		5F2C2A09238CFDAA00AF681E /* Sources */ = {
			isa = PBXSourcesBuildPhase;
			buildActionMask = 2147483647;
			files = (
				5F2C2A12238CFDAA00AF681E /* CalculatorTests.swift in Sources */,
			);
			runOnlyForDeploymentPostprocessing = 0;
		};
		5F2C2A14238CFDAA00AF681E /* Sources */ = {
			isa = PBXSourcesBuildPhase;
			buildActionMask = 2147483647;
			files = (
				5F2C2A1D238CFDAA00AF681E /* CalculatorUITests.swift in Sources */,
			);
			runOnlyForDeploymentPostprocessing = 0;
		};
/* End PBXSourcesBuildPhase section */

/* Begin PBXTargetDependency section */
		5F2C2A0F238CFDAA00AF681E /* PBXTargetDependency */ = {
			isa = PBXTargetDependency;
			target = 5F2C29F8238CFDA500AF681E /* Calculator */;
			targetProxy = 5F2C2A0E238CFDAA00AF681E /* PBXContainerItemProxy */;
		};
		5F2C2A1A238CFDAA00AF681E /* PBXTargetDependency */ = {
			isa = PBXTargetDependency;
			target = 5F2C29F8238CFDA500AF681E /* Calculator */;
			targetProxy = 5F2C2A19238CFDAA00AF681E /* PBXContainerItemProxy */;
		};
/* End PBXTargetDependency section */

/* Begin PBXVariantGroup section */
		5F2C2A00238CFDA500AF681E /* Main.storyboard */ = {
			isa = PBXVariantGroup;
			children = (
				5F2C2A01238CFDA500AF681E /* Base */,
			);
			name = Main.storyboard;
			sourceTree = "<group>";
		};
		5F2C2A05238CFDAA00AF681E /* LaunchScreen.storyboard */ = {
			isa = PBXVariantGroup;
			children = (
				5F2C2A06238CFDAA00AF681E /* Base */,
			);
			name = LaunchScreen.storyboard;
			sourceTree = "<group>";
		};
/* End PBXVariantGroup section */

/* Begin XCBuildConfiguration section */
		5F2C2A1F238CFDAA00AF681E /* Debug */ = {
			isa = XCBuildConfiguration;
			buildSettings = {
				ALWAYS_SEARCH_USER_PATHS = NO;
				CLANG_ANALYZER_NONNULL = YES;
				CLANG_ANALYZER_NUMBER_OBJECT_CONVERSION = YES_AGGRESSIVE;
				CLANG_CXX_LANGUAGE_STANDARD = "gnu++14";
				CLANG_CXX_LIBRARY = "libc++";
				CLANG_ENABLE_MODULES = YES;
				CLANG_ENABLE_OBJC_ARC = YES;
				CLANG_ENABLE_OBJC_WEAK = YES;
				CLANG_WARN_BLOCK_CAPTURE_AUTORELEASING = YES;
				CLANG_WARN_BOOL_CONVERSION = YES;
				CLANG_WARN_COMMA = YES;
				CLANG_WARN_CONSTANT_CONVERSION = YES;
				CLANG_WARN_DEPRECATED_OBJC_IMPLEMENTATIONS = YES;
				CLANG_WARN_DIRECT_OBJC_ISA_USAGE = YES_ERROR;
				CLANG_WARN_DOCUMENTATION_COMMENTS = YES;
				CLANG_WARN_EMPTY_BODY = YES;
				CLANG_WARN_ENUM_CONVERSION = YES;
				CLANG_WARN_INFINITE_RECURSION = YES;
				CLANG_WARN_INT_CONVERSION = YES;
				CLANG_WARN_NON_LITERAL_NULL_CONVERSION = YES;
				CLANG_WARN_OBJC_IMPLICIT_RETAIN_SELF = YES;
				CLANG_WARN_OBJC_LITERAL_CONVERSION = YES;
				CLANG_WARN_OBJC_ROOT_CLASS = YES_ERROR;
				CLANG_WARN_RANGE_LOOP_ANALYSIS = YES;
				CLANG_WARN_STRICT_PROTOTYPES = YES;
				CLANG_WARN_SUSPICIOUS_MOVE = YES;
				CLANG_WARN_UNGUARDED_AVAILABILITY = YES_AGGRESSIVE;
				CLANG_WARN_UNREACHABLE_CODE = YES;
				CLANG_WARN__DUPLICATE_METHOD_MATCH = YES;
				CODE_SIGN_IDENTITY = "iPhone Developer";
				COPY_PHASE_STRIP = NO;
				DEBUG_INFORMATION_FORMAT = dwarf;
				ENABLE_STRICT_OBJC_MSGSEND = YES;
				ENABLE_TESTABILITY = YES;
				GCC_C_LANGUAGE_STANDARD = gnu11;
				GCC_DYNAMIC_NO_PIC = NO;
				GCC_NO_COMMON_BLOCKS = YES;
				GCC_OPTIMIZATION_LEVEL = 0;
				GCC_PREPROCESSOR_DEFINITIONS = (
					"DEBUG=1",
					"$(inherited)",
				);
				GCC_WARN_64_TO_32_BIT_CONVERSION = YES;
				GCC_WARN_ABOUT_RETURN_TYPE = YES_ERROR;
				GCC_WARN_UNDECLARED_SELECTOR = YES;
				GCC_WARN_UNINITIALIZED_AUTOS = YES_AGGRESSIVE;
				GCC_WARN_UNUSED_FUNCTION = YES;
				GCC_WARN_UNUSED_VARIABLE = YES;
				IPHONEOS_DEPLOYMENT_TARGET = 12.1;
				MTL_ENABLE_DEBUG_INFO = INCLUDE_SOURCE;
				MTL_FAST_MATH = YES;
				ONLY_ACTIVE_ARCH = YES;
				SDKROOT = iphoneos;
				SWIFT_ACTIVE_COMPILATION_CONDITIONS = DEBUG;
				SWIFT_OPTIMIZATION_LEVEL = "-Onone";
			};
			name = Debug;
		};
		5F2C2A20238CFDAA00AF681E /* Release */ = {
			isa = XCBuildConfiguration;
			buildSettings = {
				ALWAYS_SEARCH_USER_PATHS = NO;
				CLANG_ANALYZER_NONNULL = YES;
				CLANG_ANALYZER_NUMBER_OBJECT_CONVERSION = YES_AGGRESSIVE;
				CLANG_CXX_LANGUAGE_STANDARD = "gnu++14";
				CLANG_CXX_LIBRARY = "libc++";
				CLANG_ENABLE_MODULES = YES;
				CLANG_ENABLE_OBJC_ARC = YES;
				CLANG_ENABLE_OBJC_WEAK = YES;
				CLANG_WARN_BLOCK_CAPTURE_AUTORELEASING = YES;
				CLANG_WARN_BOOL_CONVERSION = YES;
				CLANG_WARN_COMMA = YES;
				CLANG_WARN_CONSTANT_CONVERSION = YES;
				CLANG_WARN_DEPRECATED_OBJC_IMPLEMENTATIONS = YES;
				CLANG_WARN_DIRECT_OBJC_ISA_USAGE = YES_ERROR;
				CLANG_WARN_DOCUMENTATION_COMMENTS = YES;
				CLANG_WARN_EMPTY_BODY = YES;
				CLANG_WARN_ENUM_CONVERSION = YES;
				CLANG_WARN_INFINITE_RECURSION = YES;
				CLANG_WARN_INT_CONVERSION = YES;
				CLANG_WARN_NON_LITERAL_NULL_CONVERSION = YES;
				CLANG_WARN_OBJC_IMPLICIT_RETAIN_SELF = YES;
				CLANG_WARN_OBJC_LITERAL_CONVERSION = YES;
				CLANG_WARN_OBJC_ROOT_CLASS = YES_ERROR;
				CLANG_WARN_RANGE_LOOP_ANALYSIS = YES;
				CLANG_WARN_STRICT_PROTOTYPES = YES;
				CLANG_WARN_SUSPICIOUS_MOVE = YES;
				CLANG_WARN_UNGUARDED_AVAILABILITY = YES_AGGRESSIVE;
				CLANG_WARN_UNREACHABLE_CODE = YES;
				CLANG_WARN__DUPLICATE_METHOD_MATCH = YES;
				CODE_SIGN_IDENTITY = "iPhone Developer";
				COPY_PHASE_STRIP = NO;
				DEBUG_INFORMATION_FORMAT = "dwarf-with-dsym";
				ENABLE_NS_ASSERTIONS = NO;
				ENABLE_STRICT_OBJC_MSGSEND = YES;
				GCC_C_LANGUAGE_STANDARD = gnu11;
				GCC_NO_COMMON_BLOCKS = YES;
				GCC_WARN_64_TO_32_BIT_CONVERSION = YES;
				GCC_WARN_ABOUT_RETURN_TYPE = YES_ERROR;
				GCC_WARN_UNDECLARED_SELECTOR = YES;
				GCC_WARN_UNINITIALIZED_AUTOS = YES_AGGRESSIVE;
				GCC_WARN_UNUSED_FUNCTION = YES;
				GCC_WARN_UNUSED_VARIABLE = YES;
				IPHONEOS_DEPLOYMENT_TARGET = 12.1;
				MTL_ENABLE_DEBUG_INFO = NO;
				MTL_FAST_MATH = YES;
				SDKROOT = iphoneos;
				SWIFT_COMPILATION_MODE = wholemodule;
				SWIFT_OPTIMIZATION_LEVEL = "-O";
				VALIDATE_PRODUCT = YES;
			};
			name = Release;
		};
		5F2C2A22238CFDAA00AF681E /* Debug */ = {
			isa = XCBuildConfiguration;
			buildSettings = {
				ASSETCATALOG_COMPILER_APPICON_NAME = AppIcon;
				CODE_SIGN_STYLE = Automatic;
				INFOPLIST_FILE = Calculator/Info.plist;
				LD_RUNPATH_SEARCH_PATHS = (
					"$(inherited)",
					"@executable_path/Frameworks",
				);
				PRODUCT_BUNDLE_IDENTIFIER = BRN.Calculator;
				PRODUCT_NAME = "$(TARGET_NAME)";
				SWIFT_VERSION = 4.2;
				TARGETED_DEVICE_FAMILY = "1,2";
			};
			name = Debug;
		};
		5F2C2A23238CFDAA00AF681E /* Release */ = {
			isa = XCBuildConfiguration;
			buildSettings = {
				ASSETCATALOG_COMPILER_APPICON_NAME = AppIcon;
				CODE_SIGN_STYLE = Automatic;
				INFOPLIST_FILE = Calculator/Info.plist;
				LD_RUNPATH_SEARCH_PATHS = (
					"$(inherited)",
					"@executable_path/Frameworks",
				);
				PRODUCT_BUNDLE_IDENTIFIER = BRN.Calculator;
				PRODUCT_NAME = "$(TARGET_NAME)";
				SWIFT_VERSION = 4.2;
				TARGETED_DEVICE_FAMILY = "1,2";
			};
			name = Release;
		};
		5F2C2A25238CFDAA00AF681E /* Debug */ = {
			isa = XCBuildConfiguration;
			buildSettings = {
				ALWAYS_EMBED_SWIFT_STANDARD_LIBRARIES = YES;
				BUNDLE_LOADER = "$(TEST_HOST)";
				CODE_SIGN_STYLE = Automatic;
				INFOPLIST_FILE = CalculatorTests/Info.plist;
				LD_RUNPATH_SEARCH_PATHS = (
					"$(inherited)",
					"@executable_path/Frameworks",
					"@loader_path/Frameworks",
				);
				PRODUCT_BUNDLE_IDENTIFIER = BRN.CalculatorTests;
				PRODUCT_NAME = "$(TARGET_NAME)";
				SWIFT_VERSION = 4.2;
				TARGETED_DEVICE_FAMILY = "1,2";
				TEST_HOST = "$(BUILT_PRODUCTS_DIR)/Calculator.app/Calculator";
			};
			name = Debug;
		};
		5F2C2A26238CFDAA00AF681E /* Release */ = {
			isa = XCBuildConfiguration;
			buildSettings = {
				ALWAYS_EMBED_SWIFT_STANDARD_LIBRARIES = YES;
				BUNDLE_LOADER = "$(TEST_HOST)";
				CODE_SIGN_STYLE = Automatic;
				INFOPLIST_FILE = CalculatorTests/Info.plist;
				LD_RUNPATH_SEARCH_PATHS = (
					"$(inherited)",
					"@executable_path/Frameworks",
					"@loader_path/Frameworks",
				);
				PRODUCT_BUNDLE_IDENTIFIER = BRN.CalculatorTests;
				PRODUCT_NAME = "$(TARGET_NAME)";
				SWIFT_VERSION = 4.2;
				TARGETED_DEVICE_FAMILY = "1,2";
				TEST_HOST = "$(BUILT_PRODUCTS_DIR)/Calculator.app/Calculator";
			};
			name = Release;
		};
		5F2C2A28238CFDAA00AF681E /* Debug */ = {
			isa = XCBuildConfiguration;
			buildSettings = {
				ALWAYS_EMBED_SWIFT_STANDARD_LIBRARIES = YES;
				CODE_SIGN_STYLE = Automatic;
				INFOPLIST_FILE = CalculatorUITests/Info.plist;
				LD_RUNPATH_SEARCH_PATHS = (
					"$(inherited)",
					"@executable_path/Frameworks",
					"@loader_path/Frameworks",
				);
				PRODUCT_BUNDLE_IDENTIFIER = BRN.CalculatorUITests;
				PRODUCT_NAME = "$(TARGET_NAME)";
				SWIFT_VERSION = 4.2;
				TARGETED_DEVICE_FAMILY = "1,2";
				TEST_TARGET_NAME = Calculator;
			};
			name = Debug;
		};
		5F2C2A29238CFDAA00AF681E /* Release */ = {
			isa = XCBuildConfiguration;
			buildSettings = {
				ALWAYS_EMBED_SWIFT_STANDARD_LIBRARIES = YES;
				CODE_SIGN_STYLE = Automatic;
				INFOPLIST_FILE = CalculatorUITests/Info.plist;
				LD_RUNPATH_SEARCH_PATHS = (
					"$(inherited)",
					"@executable_path/Frameworks",
					"@loader_path/Frameworks",
				);
				PRODUCT_BUNDLE_IDENTIFIER = BRN.CalculatorUITests;
				PRODUCT_NAME = "$(TARGET_NAME)";
				SWIFT_VERSION = 4.2;
				TARGETED_DEVICE_FAMILY = "1,2";
				TEST_TARGET_NAME = Calculator;
			};
			name = Release;
		};
/* End XCBuildConfiguration section */

/* Begin XCConfigurationList section */
		5F2C29F4238CFDA500AF681E /* Build configuration list for PBXProject "Calculator" */ = {
			isa = XCConfigurationList;
			buildConfigurations = (
				5F2C2A1F238CFDAA00AF681E /* Debug */,
				5F2C2A20238CFDAA00AF681E /* Release */,
			);
			defaultConfigurationIsVisible = 0;
			defaultConfigurationName = Release;
		};
		5F2C2A21238CFDAA00AF681E /* Build configuration list for PBXNativeTarget "Calculator" */ = {
			isa = XCConfigurationList;
			buildConfigurations = (
				5F2C2A22238CFDAA00AF681E /* Debug */,
				5F2C2A23238CFDAA00AF681E /* Release */,
			);
			defaultConfigurationIsVisible = 0;
			defaultConfigurationName = Release;
		};
		5F2C2A24238CFDAA00AF681E /* Build configuration list for PBXNativeTarget "CalculatorTests" */ = {
			isa = XCConfigurationList;
			buildConfigurations = (
				5F2C2A25238CFDAA00AF681E /* Debug */,
				5F2C2A26238CFDAA00AF681E /* Release */,
			);
			defaultConfigurationIsVisible = 0;
			defaultConfigurationName = Release;
		};
		5F2C2A27238CFDAA00AF681E /* Build configuration list for PBXNativeTarget "CalculatorUITests" */ = {
			isa = XCConfigurationList;
			buildConfigurations = (
				5F2C2A28238CFDAA00AF681E /* Debug */,
				5F2C2A29238CFDAA00AF681E /* Release */,
			);
			defaultConfigurationIsVisible = 0;
			defaultConfigurationName = Release;
		};
/* End XCConfigurationList section */
	};
	rootObject = 5F2C29F1238CFDA500AF681E /* Project object */;
}
